
Microsoft Visual Studio Solution File, Format Version 12.00
# Visual Studio Version 17
VisualStudioVersion = 17.9.34723.18
MinimumVisualStudioVersion = 10.0.40219.1
Project("{FAE04EC0-301F-11D3-BF4B-00C04F79EFBC}") = "ProyectoAplicado1", "ProyectoAplicado1\ProyectoAplicado1.csproj", "{358D6722-660D-4433-A345-1EBB5BAB4027}"
EndProject
Global
	GlobalSection(SolutionConfigurationPlatforms) = preSolution
		Debug|Any CPU = Debug|Any CPU
		Release|Any CPU = Release|Any CPU
	EndGlobalSection
	GlobalSection(ProjectConfigurationPlatforms) = postSolution
		{358D6722-660D-4433-A345-1EBB5BAB4027}.Debug|Any CPU.ActiveCfg = Debug|Any CPU
		{358D6722-660D-4433-A345-1EBB5BAB4027}.Debug|Any CPU.Build.0 = Debug|Any CPU
		{358D6722-660D-4433-A345-1EBB5BAB4027}.Release|Any CPU.ActiveCfg = Release|Any CPU
		{358D6722-660D-4433-A345-1EBB5BAB4027}.Release|Any CPU.Build.0 = Release|Any CPU
	EndGlobalSection
	GlobalSection(SolutionProperties) = preSolution
		HideSolutionNode = FALSE
	EndGlobalSection
	GlobalSection(ExtensibilityGlobals) = postSolution
		SolutionGuid = {3880B254-8949-4B2C-B9E0-1118DE7CF0AA}
	EndGlobalSection
EndGlobal
